{
    "_readme": [
        "This file locks the dependencies of your project to a known state",
        "Read more about it at https://getcomposer.org/doc/01-basic-usage.md#composer-lock-the-lock-file",
        "This file is @generated automatically"
    ],
    "content-hash": "9c1bcf4456139c4e2d1c1a48d05b0c55",
    "packages": [
        {
            "name": "herrera-io/json",
            "version": "1.0.3",
            "source": {
                "type": "git",
                "url": "https://github.com/kherge-php/json.git",
                "reference": "60c696c9370a1e5136816ca557c17f82a6fa83f1"
            },
            "dist": {
                "type": "zip",
                "url": "https://api.github.com/repos/kherge-php/json/zipball/60c696c9370a1e5136816ca557c17f82a6fa83f1",
                "reference": "60c696c9370a1e5136816ca557c17f82a6fa83f1",
                "shasum": ""
            },
            "require": {
                "ext-json": "*",
                "justinrainbow/json-schema": ">=1.0,<2.0-dev",
                "php": ">=5.3.3",
                "seld/jsonlint": ">=1.0,<2.0-dev"
            },
            "require-dev": {
                "herrera-io/phpunit-test-case": "1.*",
                "mikey179/vfsstream": "1.1.0",
                "phpunit/phpunit": "3.7.*"
            },
            "type": "library",
            "extra": {
                "branch-alias": {
                    "dev-master": "1.0-dev"
                }
            },
            "autoload": {
                "files": [
                    "src/lib/json_version.php"
                ],
                "psr-0": {
                    "Herrera\\Json": "src/lib"
                }
            },
            "notification-url": "https://packagist.org/downloads/",
            "license": [
                "MIT"
            ],
            "authors": [
                {
                    "name": "Kevin Herrera",
                    "email": "kevin@herrera.io",
                    "homepage": "http://kevin.herrera.io"
                }
            ],
            "description": "A library for simplifying JSON linting and validation.",
            "homepage": "http://herrera-io.github.com/php-json",
            "keywords": [
                "json",
                "lint",
                "schema",
                "validate"
            ],
            "abandoned": "kherge/json",
            "time": "2013-10-30T16:51:34+00:00"
        },
        {
            "name": "herrera-io/phar-update",
            "version": "1.0.3",
            "source": {
                "type": "git",
                "url": "https://github.com/kherge-abandoned/php-phar-update.git",
                "reference": "00a79e1d5b8cf3c080a2e3becf1ddf7a7fea025b"
            },
            "dist": {
                "type": "zip",
                "url": "https://api.github.com/repos/kherge-abandoned/php-phar-update/zipball/00a79e1d5b8cf3c080a2e3becf1ddf7a7fea025b",
                "reference": "00a79e1d5b8cf3c080a2e3becf1ddf7a7fea025b",
                "shasum": ""
            },
            "require": {
                "herrera-io/json": "1.*",
                "kherge/version": "1.*",
                "php": ">=5.3.3"
            },
            "require-dev": {
                "herrera-io/phpunit-test-case": "1.*",
                "mikey179/vfsstream": "1.1.0",
                "phpunit/phpunit": "3.7.*"
            },
            "type": "library",
            "extra": {
                "branch-alias": {
                    "dev-master": "1.0-dev"
                }
            },
            "autoload": {
                "files": [
                    "src/lib/constants.php"
                ],
                "psr-0": {
                    "Herrera\\Phar\\Update": "src/lib"
                }
            },
            "notification-url": "https://packagist.org/downloads/",
            "license": [
                "MIT"
            ],
            "authors": [
                {
                    "name": "Kevin Herrera",
                    "email": "kevin@herrera.io",
                    "homepage": "http://kevin.herrera.io"
                }
            ],
            "description": "A library for self-updating Phars.",
            "homepage": "http://herrera-io.github.com/php-phar-update",
            "keywords": [
                "phar",
                "update"
            ],
            "abandoned": true,
            "time": "2013-10-30T17:23:01+00:00"
        },
        {
            "name": "justinrainbow/json-schema",
            "version": "1.6.1",
            "source": {
                "type": "git",
                "url": "https://github.com/justinrainbow/json-schema.git",
                "reference": "cc84765fb7317f6b07bd8ac78364747f95b86341"
            },
            "dist": {
                "type": "zip",
                "url": "https://api.github.com/repos/justinrainbow/json-schema/zipball/cc84765fb7317f6b07bd8ac78364747f95b86341",
                "reference": "cc84765fb7317f6b07bd8ac78364747f95b86341",
                "shasum": ""
            },
            "require": {
                "php": ">=5.3.29"
            },
            "require-dev": {
                "json-schema/json-schema-test-suite": "1.1.0",
                "phpdocumentor/phpdocumentor": "~2",
                "phpunit/phpunit": "~3.7"
            },
            "bin": [
                "bin/validate-json"
            ],
            "type": "library",
            "extra": {
                "branch-alias": {
                    "dev-master": "1.6.x-dev"
                }
            },
            "autoload": {
                "psr-4": {
                    "JsonSchema\\": "src/JsonSchema/"
                }
            },
            "notification-url": "https://packagist.org/downloads/",
            "license": [
                "BSD-3-Clause"
            ],
            "authors": [
                {
                    "name": "Bruno Prieto Reis",
                    "email": "bruno.p.reis@gmail.com"
                },
                {
                    "name": "Justin Rainbow",
                    "email": "justin.rainbow@gmail.com"
                },
                {
                    "name": "Igor Wiedler",
                    "email": "igor@wiedler.ch"
                },
                {
                    "name": "Robert Schönthal",
                    "email": "seroscho@googlemail.com"
                }
            ],
            "description": "A library to validate a json schema.",
            "homepage": "https://github.com/justinrainbow/json-schema",
            "keywords": [
                "json",
                "schema"
            ],
            "time": "2016-01-25T15:43:01+00:00"
        },
        {
            "name": "kherge/version",
            "version": "1.0.1",
            "source": {
                "type": "git",
                "url": "https://github.com/kherge-abandoned/Version.git",
                "reference": "f07cf83f8ce533be8f93d2893d96d674bbeb7e30"
            },
            "dist": {
                "type": "zip",
                "url": "https://api.github.com/repos/kherge-abandoned/Version/zipball/f07cf83f8ce533be8f93d2893d96d674bbeb7e30",
                "reference": "f07cf83f8ce533be8f93d2893d96d674bbeb7e30",
                "shasum": ""
            },
            "require": {
                "php": ">=5.3.3"
            },
            "type": "library",
            "extra": {
                "branch-alias": {
                    "dev-master": "1.0-dev"
                }
            },
            "autoload": {
                "psr-0": {
                    "KevinGH\\Version": "src/lib/"
                }
            },
            "notification-url": "https://packagist.org/downloads/",
            "license": [
                "MIT"
            ],
            "authors": [
                {
                    "name": "Kevin Herrera",
                    "email": "me@kevingh.com"
                }
            ],
            "description": "A parsing and comparison library for semantic versioning.",
            "homepage": "http://github.com/kherge/Version",
            "abandoned": true,
            "time": "2012-08-16T17:13:03+00:00"
        },
        {
            "name": "seld/jsonlint",
            "version": "1.6.2",
            "source": {
                "type": "git",
                "url": "https://github.com/Seldaek/jsonlint.git",
                "reference": "7a30649c67ee0d19faacfd9fa2cfb6cc032d9b19"
            },
            "dist": {
                "type": "zip",
                "url": "https://api.github.com/repos/Seldaek/jsonlint/zipball/7a30649c67ee0d19faacfd9fa2cfb6cc032d9b19",
                "reference": "7a30649c67ee0d19faacfd9fa2cfb6cc032d9b19",
                "shasum": ""
            },
            "require": {
                "php": "^5.3 || ^7.0"
            },
            "require-dev": {
                "phpunit/phpunit": "^4.5"
            },
            "bin": [
                "bin/jsonlint"
            ],
            "type": "library",
            "autoload": {
                "psr-4": {
                    "Seld\\JsonLint\\": "src/Seld/JsonLint/"
                }
            },
            "notification-url": "https://packagist.org/downloads/",
            "license": [
                "MIT"
            ],
            "authors": [
                {
                    "name": "Jordi Boggiano",
                    "email": "j.boggiano@seld.be",
                    "homepage": "http://seld.be"
                }
            ],
            "description": "JSON Linter",
            "keywords": [
                "json",
                "linter",
                "parser",
                "validator"
            ],
            "time": "2017-11-30T15:34:22+00:00"
        },
        {
            "name": "symfony/console",
            "version": "v4.0.2",
            "source": {
                "type": "git",
                "url": "https://github.com/symfony/console.git",
                "reference": "de8cf039eacdec59d83f7def67e3b8ff5ed46714"
            },
            "dist": {
                "type": "zip",
                "url": "https://api.github.com/repos/symfony/console/zipball/de8cf039eacdec59d83f7def67e3b8ff5ed46714",
                "reference": "de8cf039eacdec59d83f7def67e3b8ff5ed46714",
                "shasum": ""
            },
            "require": {
                "php": "^7.1.3",
                "symfony/polyfill-mbstring": "~1.0"
            },
            "conflict": {
                "symfony/dependency-injection": "<3.4",
                "symfony/process": "<3.3"
            },
            "require-dev": {
                "psr/log": "~1.0",
                "symfony/config": "~3.4|~4.0",
                "symfony/dependency-injection": "~3.4|~4.0",
                "symfony/event-dispatcher": "~3.4|~4.0",
                "symfony/lock": "~3.4|~4.0",
                "symfony/process": "~3.4|~4.0"
            },
            "suggest": {
                "psr/log": "For using the console logger",
                "symfony/event-dispatcher": "",
                "symfony/lock": "",
                "symfony/process": ""
            },
            "type": "library",
            "extra": {
                "branch-alias": {
                    "dev-master": "4.0-dev"
                }
            },
            "autoload": {
                "psr-4": {
                    "Symfony\\Component\\Console\\": ""
                },
                "exclude-from-classmap": [
                    "/Tests/"
                ]
            },
            "notification-url": "https://packagist.org/downloads/",
            "license": [
                "MIT"
            ],
            "authors": [
                {
                    "name": "Fabien Potencier",
                    "email": "fabien@symfony.com"
                },
                {
                    "name": "Symfony Community",
                    "homepage": "https://symfony.com/contributors"
                }
            ],
            "description": "Symfony Console Component",
            "homepage": "https://symfony.com",
            "time": "2017-12-14T19:48:22+00:00"
        },
        {
            "name": "symfony/polyfill-mbstring",
            "version": "v1.6.0",
            "source": {
                "type": "git",
                "url": "https://github.com/symfony/polyfill-mbstring.git",
                "reference": "2ec8b39c38cb16674bbf3fea2b6ce5bf117e1296"
            },
            "dist": {
                "type": "zip",
                "url": "https://api.github.com/repos/symfony/polyfill-mbstring/zipball/2ec8b39c38cb16674bbf3fea2b6ce5bf117e1296",
                "reference": "2ec8b39c38cb16674bbf3fea2b6ce5bf117e1296",
                "shasum": ""
            },
            "require": {
                "php": ">=5.3.3"
            },
            "suggest": {
                "ext-mbstring": "For best performance"
            },
            "type": "library",
            "extra": {
                "branch-alias": {
                    "dev-master": "1.6-dev"
                }
            },
            "autoload": {
                "psr-4": {
                    "Symfony\\Polyfill\\Mbstring\\": ""
                },
                "files": [
                    "bootstrap.php"
                ]
            },
            "notification-url": "https://packagist.org/downloads/",
            "license": [
                "MIT"
            ],
            "authors": [
                {
                    "name": "Nicolas Grekas",
                    "email": "p@tchwork.com"
                },
                {
                    "name": "Symfony Community",
                    "homepage": "https://symfony.com/contributors"
                }
            ],
            "description": "Symfony polyfill for the Mbstring extension",
            "homepage": "https://symfony.com",
            "keywords": [
                "compatibility",
                "mbstring",
                "polyfill",
                "portable",
                "shim"
            ],
            "time": "2017-10-11T12:05:26+00:00"
        }
    ],
    "packages-dev": [],
    "aliases": [],
    "minimum-stability": "stable",
    "stability-flags": [],
    "prefer-stable": false,
    "prefer-lowest": false,
    "platform": [],
    "platform-dev": []
}
